
Microsoft Visual Studio Solution File, Format Version 12.00
# Visual Studio Version 17
VisualStudioVersion = 17.9.34723.18
MinimumVisualStudioVersion = 10.0.40219.1
Project("{FAE04EC0-301F-11D3-BF4B-00C04F79EFBC}") = "Invaders", "Invaders\Invaders.csproj", "{1A80F3CF-7FE5-489F-A306-2D5E7E96E684}"
EndProject
Global
	GlobalSection(SolutionConfigurationPlatforms) = preSolution
		Debug|Any CPU = Debug|Any CPU
		Release|Any CPU = Release|Any CPU
	EndGlobalSection
	GlobalSection(ProjectConfigurationPlatforms) = postSolution
		{1A80F3CF-7FE5-489F-A306-2D5E7E96E684}.Debug|Any CPU.ActiveCfg = Debug|Any CPU
		{1A80F3CF-7FE5-489F-A306-2D5E7E96E684}.Debug|Any CPU.Build.0 = Debug|Any CPU
		{1A80F3CF-7FE5-489F-A306-2D5E7E96E684}.Release|Any CPU.ActiveCfg = Release|Any CPU
		{1A80F3CF-7FE5-489F-A306-2D5E7E96E684}.Release|Any CPU.Build.0 = Release|Any CPU
	EndGlobalSection
	GlobalSection(SolutionProperties) = preSolution
		HideSolutionNode = FALSE
	EndGlobalSection
	GlobalSection(ExtensibilityGlobals) = postSolution
		SolutionGuid = {1D01F5EE-CC26-4EEC-80FE-ED157B687863}
	EndGlobalSection
EndGlobal
