
Microsoft Visual Studio Solution File, Format Version 12.00
# Visual Studio Version 17
VisualStudioVersion = 17.9.34723.18
MinimumVisualStudioVersion = 10.0.40219.1
Project("{FAE04EC0-301F-11D3-BF4B-00C04F79EFBC}") = "Karty", "Karty\Karty.csproj", "{FF36B07F-9989-4D8F-BD44-4375F6E1FF10}"
EndProject
Global
	GlobalSection(SolutionConfigurationPlatforms) = preSolution
		Debug|Any CPU = Debug|Any CPU
		Release|Any CPU = Release|Any CPU
	EndGlobalSection
	GlobalSection(ProjectConfigurationPlatforms) = postSolution
		{FF36B07F-9989-4D8F-BD44-4375F6E1FF10}.Debug|Any CPU.ActiveCfg = Debug|Any CPU
		{FF36B07F-9989-4D8F-BD44-4375F6E1FF10}.Debug|Any CPU.Build.0 = Debug|Any CPU
		{FF36B07F-9989-4D8F-BD44-4375F6E1FF10}.Release|Any CPU.ActiveCfg = Release|Any CPU
		{FF36B07F-9989-4D8F-BD44-4375F6E1FF10}.Release|Any CPU.Build.0 = Release|Any CPU
	EndGlobalSection
	GlobalSection(SolutionProperties) = preSolution
		HideSolutionNode = FALSE
	EndGlobalSection
	GlobalSection(ExtensibilityGlobals) = postSolution
		SolutionGuid = {DB0088F5-AD6A-48C0-83D3-59081B2C704B}
	EndGlobalSection
EndGlobal
