
Microsoft Visual Studio Solution File, Format Version 12.00
# Visual Studio Version 17
VisualStudioVersion = 17.9.34723.18
MinimumVisualStudioVersion = 10.0.40219.1
Project("{FAE04EC0-301F-11D3-BF4B-00C04F79EFBC}") = "Kaczki", "Kaczki\Kaczki.csproj", "{F605F530-859F-4C4A-A557-BDE311216B34}"
EndProject
Global
	GlobalSection(SolutionConfigurationPlatforms) = preSolution
		Debug|Any CPU = Debug|Any CPU
		Release|Any CPU = Release|Any CPU
	EndGlobalSection
	GlobalSection(ProjectConfigurationPlatforms) = postSolution
		{F605F530-859F-4C4A-A557-BDE311216B34}.Debug|Any CPU.ActiveCfg = Debug|Any CPU
		{F605F530-859F-4C4A-A557-BDE311216B34}.Debug|Any CPU.Build.0 = Debug|Any CPU
		{F605F530-859F-4C4A-A557-BDE311216B34}.Release|Any CPU.ActiveCfg = Release|Any CPU
		{F605F530-859F-4C4A-A557-BDE311216B34}.Release|Any CPU.Build.0 = Release|Any CPU
	EndGlobalSection
	GlobalSection(SolutionProperties) = preSolution
		HideSolutionNode = FALSE
	EndGlobalSection
	GlobalSection(ExtensibilityGlobals) = postSolution
		SolutionGuid = {5BEDD31A-D315-43F7-874A-D6A457BB1161}
	EndGlobalSection
EndGlobal
