
Microsoft Visual Studio Solution File, Format Version 12.00
# Visual Studio Version 17
VisualStudioVersion = 17.9.34723.18
MinimumVisualStudioVersion = 10.0.40219.1
Project("{FAE04EC0-301F-11D3-BF4B-00C04F79EFBC}") = "talie_kart", "talie_kart\talie_kart.csproj", "{6030E610-7807-45F4-ADC4-B3FA8AC004AD}"
EndProject
Global
	GlobalSection(SolutionConfigurationPlatforms) = preSolution
		Debug|Any CPU = Debug|Any CPU
		Release|Any CPU = Release|Any CPU
	EndGlobalSection
	GlobalSection(ProjectConfigurationPlatforms) = postSolution
		{6030E610-7807-45F4-ADC4-B3FA8AC004AD}.Debug|Any CPU.ActiveCfg = Debug|Any CPU
		{6030E610-7807-45F4-ADC4-B3FA8AC004AD}.Debug|Any CPU.Build.0 = Debug|Any CPU
		{6030E610-7807-45F4-ADC4-B3FA8AC004AD}.Release|Any CPU.ActiveCfg = Release|Any CPU
		{6030E610-7807-45F4-ADC4-B3FA8AC004AD}.Release|Any CPU.Build.0 = Release|Any CPU
	EndGlobalSection
	GlobalSection(SolutionProperties) = preSolution
		HideSolutionNode = FALSE
	EndGlobalSection
	GlobalSection(ExtensibilityGlobals) = postSolution
		SolutionGuid = {363C4609-9824-4063-B369-5B6C77561B9F}
	EndGlobalSection
EndGlobal
