
Microsoft Visual Studio Solution File, Format Version 12.00
# Visual Studio Version 17
VisualStudioVersion = 17.9.34723.18
MinimumVisualStudioVersion = 10.0.40219.1
Project("{FAE04EC0-301F-11D3-BF4B-00C04F79EFBC}") = "slownik_koszulki", "slownik_koszulki\slownik_koszulki.csproj", "{5E9D55E2-B9BD-4414-BC8B-BD3B7762EB62}"
EndProject
Global
	GlobalSection(SolutionConfigurationPlatforms) = preSolution
		Debug|Any CPU = Debug|Any CPU
		Release|Any CPU = Release|Any CPU
	EndGlobalSection
	GlobalSection(ProjectConfigurationPlatforms) = postSolution
		{5E9D55E2-B9BD-4414-BC8B-BD3B7762EB62}.Debug|Any CPU.ActiveCfg = Debug|Any CPU
		{5E9D55E2-B9BD-4414-BC8B-BD3B7762EB62}.Debug|Any CPU.Build.0 = Debug|Any CPU
		{5E9D55E2-B9BD-4414-BC8B-BD3B7762EB62}.Release|Any CPU.ActiveCfg = Release|Any CPU
		{5E9D55E2-B9BD-4414-BC8B-BD3B7762EB62}.Release|Any CPU.Build.0 = Release|Any CPU
	EndGlobalSection
	GlobalSection(SolutionProperties) = preSolution
		HideSolutionNode = FALSE
	EndGlobalSection
	GlobalSection(ExtensibilityGlobals) = postSolution
		SolutionGuid = {AEB6F777-C179-48D3-BBDA-E5F03626583E}
	EndGlobalSection
EndGlobal
