
Microsoft Visual Studio Solution File, Format Version 12.00
# Visual Studio Version 17
VisualStudioVersion = 17.9.34723.18
MinimumVisualStudioVersion = 10.0.40219.1
Project("{FAE04EC0-301F-11D3-BF4B-00C04F79EFBC}") = "Gra_karciana(ryby)", "Gra_karciana(ryby)\Gra_karciana(ryby).csproj", "{96E43D31-F789-4E9F-BBDD-0D148132D568}"
EndProject
Global
	GlobalSection(SolutionConfigurationPlatforms) = preSolution
		Debug|Any CPU = Debug|Any CPU
		Release|Any CPU = Release|Any CPU
	EndGlobalSection
	GlobalSection(ProjectConfigurationPlatforms) = postSolution
		{96E43D31-F789-4E9F-BBDD-0D148132D568}.Debug|Any CPU.ActiveCfg = Debug|Any CPU
		{96E43D31-F789-4E9F-BBDD-0D148132D568}.Debug|Any CPU.Build.0 = Debug|Any CPU
		{96E43D31-F789-4E9F-BBDD-0D148132D568}.Release|Any CPU.ActiveCfg = Release|Any CPU
		{96E43D31-F789-4E9F-BBDD-0D148132D568}.Release|Any CPU.Build.0 = Release|Any CPU
	EndGlobalSection
	GlobalSection(SolutionProperties) = preSolution
		HideSolutionNode = FALSE
	EndGlobalSection
	GlobalSection(ExtensibilityGlobals) = postSolution
		SolutionGuid = {334E57AB-351D-4E41-8EEE-F2972D5739A3}
	EndGlobalSection
EndGlobal
