
Microsoft Visual Studio Solution File, Format Version 12.00
# Visual Studio Version 17
VisualStudioVersion = 17.9.34723.18
MinimumVisualStudioVersion = 10.0.40219.1
Project("{FAE04EC0-301F-11D3-BF4B-00C04F79EFBC}") = "disposeVSfinalizator", "disposeVSfinalizator\disposeVSfinalizator.csproj", "{7D0937BB-D691-4BB0-892B-684CF37133A2}"
EndProject
Global
	GlobalSection(SolutionConfigurationPlatforms) = preSolution
		Debug|Any CPU = Debug|Any CPU
		Release|Any CPU = Release|Any CPU
	EndGlobalSection
	GlobalSection(ProjectConfigurationPlatforms) = postSolution
		{7D0937BB-D691-4BB0-892B-684CF37133A2}.Debug|Any CPU.ActiveCfg = Debug|Any CPU
		{7D0937BB-D691-4BB0-892B-684CF37133A2}.Debug|Any CPU.Build.0 = Debug|Any CPU
		{7D0937BB-D691-4BB0-892B-684CF37133A2}.Release|Any CPU.ActiveCfg = Release|Any CPU
		{7D0937BB-D691-4BB0-892B-684CF37133A2}.Release|Any CPU.Build.0 = Release|Any CPU
	EndGlobalSection
	GlobalSection(SolutionProperties) = preSolution
		HideSolutionNode = FALSE
	EndGlobalSection
	GlobalSection(ExtensibilityGlobals) = postSolution
		SolutionGuid = {EBBA86B4-5D42-440C-89DE-E96E91E71127}
	EndGlobalSection
EndGlobal
